
Microsoft Visual Studio Solution File, Format Version 12.00
# Visual Studio Version 17
VisualStudioVersion = 17.11.35431.28
MinimumVisualStudioVersion = 10.0.40219.1
Project("{9A19103F-16F7-4668-BE54-9A1E7A4F7556}") = "CoreAPI", "CoreAPI.csproj", "{1FEB9629-7A47-4DC2-9BEF-9B5D13248DCF}"
EndProject
Global
	GlobalSection(SolutionConfigurationPlatforms) = preSolution
		Debug|Any CPU = Debug|Any CPU
		Release|Any CPU = Release|Any CPU
	EndGlobalSection
	GlobalSection(ProjectConfigurationPlatforms) = postSolution
		{1FEB9629-7A47-4DC2-9BEF-9B5D13248DCF}.Debug|Any CPU.ActiveCfg = Debug|Any CPU
		{1FEB9629-7A47-4DC2-9BEF-9B5D13248DCF}.Debug|Any CPU.Build.0 = Debug|Any CPU
		{1FEB9629-7A47-4DC2-9BEF-9B5D13248DCF}.Release|Any CPU.ActiveCfg = Release|Any CPU
		{1FEB9629-7A47-4DC2-9BEF-9B5D13248DCF}.Release|Any CPU.Build.0 = Release|Any CPU
	EndGlobalSection
	GlobalSection(SolutionProperties) = preSolution
		HideSolutionNode = FALSE
	EndGlobalSection
	GlobalSection(ExtensibilityGlobals) = postSolution
		SolutionGuid = {A6BB06CC-FB83-4F5C-8BFD-EA35891336D7}
	EndGlobalSection
EndGlobal
